
Microsoft Visual Studio Solution File, Format Version 12.00
# Visual Studio Version 16
VisualStudioVersion = 16.0.30503.244
MinimumVisualStudioVersion = 10.0.40219.1
Project("{FAE04EC0-301F-11D3-BF4B-00C04F79EFBC}") = "WebCore", "WebCore.csproj", "{CA95ADDB-60F4-4471-9DBE-9C56F2A53508}"
EndProject
Global
	GlobalSection(SolutionConfigurationPlatforms) = preSolution
		Debug|Any CPU = Debug|Any CPU
		Release|Any CPU = Release|Any CPU
	EndGlobalSection
	GlobalSection(ProjectConfigurationPlatforms) = postSolution
		{CA95ADDB-60F4-4471-9DBE-9C56F2A53508}.Debug|Any CPU.ActiveCfg = Debug|Any CPU
		{CA95ADDB-60F4-4471-9DBE-9C56F2A53508}.Debug|Any CPU.Build.0 = Debug|Any CPU
		{CA95ADDB-60F4-4471-9DBE-9C56F2A53508}.Release|Any CPU.ActiveCfg = Release|Any CPU
		{CA95ADDB-60F4-4471-9DBE-9C56F2A53508}.Release|Any CPU.Build.0 = Release|Any CPU
	EndGlobalSection
	GlobalSection(SolutionProperties) = preSolution
		HideSolutionNode = FALSE
	EndGlobalSection
	GlobalSection(ExtensibilityGlobals) = postSolution
		SolutionGuid = {9C7FBEDB-4D93-4D99-8983-418C5AC3D6FF}
	EndGlobalSection
EndGlobal
